// !$*UTF8*$!
{
	archiveVersion = 1;
	classes = {
	};
	objectVersion = 46;
	objects = {

/* Begin PBXBuildFile section */
		977350DB1961AB1A007A1AAE /* Foundation.framework in Frameworks */ = {isa = PBXBuildFile; fileRef = 977350DA1961AB1A007A1AAE /* Foundation.framework */; };
		977350DD1961AB1A007A1AAE /* CoreGraphics.framework in Frameworks */ = {isa = PBXBuildFile; fileRef = 977350DC1961AB1A007A1AAE /* CoreGraphics.framework */; };
		977350DF1961AB1A007A1AAE /* UIKit.framework in Frameworks */ = {isa = PBXBuildFile; fileRef = 977350DE1961AB1A007A1AAE /* UIKit.framework */; };
		977350E51961AB1A007A1AAE /* InfoPlist.strings in Resources */ = {isa = PBXBuildFile; fileRef = 977350E31961AB1A007A1AAE /* InfoPlist.strings */; };
		977350E71961AB1A007A1AAE /* main.m in Sources */ = {isa = PBXBuildFile; fileRef = 977350E61961AB1A007A1AAE /* main.m */; };
		977350EB1961AB1A007A1AAE /* CalculatorAppDelegate.m in Sources */ = {isa = PBXBuildFile; fileRef = 977350EA1961AB1A007A1AAE /* CalculatorAppDelegate.m */; };
		977350EE1961AB1A007A1AAE /* Main.storyboard in Resources */ = {isa = PBXBuildFile; fileRef = 977350EC1961AB1A007A1AAE /* Main.storyboard */; };
		977350F11961AB1A007A1AAE /* CalculatorViewController.m in Sources */ = {isa = PBXBuildFile; fileRef = 977350F01961AB1A007A1AAE /* CalculatorViewController.m */; };
		977350F31961AB1A007A1AAE /* Images.xcassets in Resources */ = {isa = PBXBuildFile; fileRef = 977350F21961AB1A007A1AAE /* Images.xcassets */; };
		977350FA1961AB1A007A1AAE /* XCTest.framework in Frameworks */ = {isa = PBXBuildFile; fileRef = 977350F91961AB1A007A1AAE /* XCTest.framework */; };
		977350FB1961AB1A007A1AAE /* Foundation.framework in Frameworks */ = {isa = PBXBuildFile; fileRef = 977350DA1961AB1A007A1AAE /* Foundation.framework */; };
		977350FC1961AB1A007A1AAE /* UIKit.framework in Frameworks */ = {isa = PBXBuildFile; fileRef = 977350DE1961AB1A007A1AAE /* UIKit.framework */; };
		977351041961AB1A007A1AAE /* InfoPlist.strings in Resources */ = {isa = PBXBuildFile; fileRef = 977351021961AB1A007A1AAE /* InfoPlist.strings */; };
		977351061961AB1A007A1AAE /* CalculatorTests.m in Sources */ = {isa = PBXBuildFile; fileRef = 977351051961AB1A007A1AAE /* CalculatorTests.m */; };
/* End PBXBuildFile section */

/* Begin PBXContainerItemProxy section */
		977350FD1961AB1A007A1AAE /* PBXContainerItemProxy */ = {
			isa = PBXContainerItemProxy;
			containerPortal = 977350CF1961AB1A007A1AAE /* Project object */;
			proxyType = 1;
			remoteGlobalIDString = 977350D61961AB1A007A1AAE;
			remoteInfo = Calculator;
		};
/* End PBXContainerItemProxy section */

/* Begin PBXFileReference section */
		977350D71961AB1A007A1AAE /* Calculator.app */ = {isa = PBXFileReference; explicitFileType = wrapper.application; includeInIndex = 0; path = Calculator.app; sourceTree = BUILT_PRODUCTS_DIR; };
		977350DA1961AB1A007A1AAE /* Foundation.framework */ = {isa = PBXFileReference; lastKnownFileType = wrapper.framework; name = Foundation.framework; path = System/Library/Frameworks/Foundation.framework; sourceTree = SDKROOT; };
		977350DC1961AB1A007A1AAE /* CoreGraphics.framework */ = {isa = PBXFileReference; lastKnownFileType = wrapper.framework; name = CoreGraphics.framework; path = System/Library/Frameworks/CoreGraphics.framework; sourceTree = SDKROOT; };
		977350DE1961AB1A007A1AAE /* UIKit.framework */ = {isa = PBXFileReference; lastKnownFileType = wrapper.framework; name = UIKit.framework; path = System/Library/Frameworks/UIKit.framework; sourceTree = SDKROOT; };
		977350E21961AB1A007A1AAE /* Calculator-Info.plist */ = {isa = PBXFileReference; lastKnownFileType = text.plist.xml; path = "Calculator-Info.plist"; sourceTree = "<group>"; };
		977350E41961AB1A007A1AAE /* en */ = {isa = PBXFileReference; lastKnownFileType = text.plist.strings; name = en; path = en.lproj/InfoPlist.strings; sourceTree = "<group>"; };
		977350E61961AB1A007A1AAE /* main.m */ = {isa = PBXFileReference; lastKnownFileType = sourcecode.c.objc; path = main.m; sourceTree = "<group>"; };
		977350E81961AB1A007A1AAE /* Calculator-Prefix.pch */ = {isa = PBXFileReference; lastKnownFileType = sourcecode.c.h; path = "Calculator-Prefix.pch"; sourceTree = "<group>"; };
		977350E91961AB1A007A1AAE /* CalculatorAppDelegate.h */ = {isa = PBXFileReference; lastKnownFileType = sourcecode.c.h; path = CalculatorAppDelegate.h; sourceTree = "<group>"; };
		977350EA1961AB1A007A1AAE /* CalculatorAppDelegate.m */ = {isa = PBXFileReference; lastKnownFileType = sourcecode.c.objc; path = CalculatorAppDelegate.m; sourceTree = "<group>"; };
		977350ED1961AB1A007A1AAE /* Base */ = {isa = PBXFileReference; lastKnownFileType = file.storyboard; name = Base; path = Base.lproj/Main.storyboard; sourceTree = "<group>"; };
		977350EF1961AB1A007A1AAE /* CalculatorViewController.h */ = {isa = PBXFileReference; lastKnownFileType = sourcecode.c.h; path = CalculatorViewController.h; sourceTree = "<group>"; };
		977350F01961AB1A007A1AAE /* CalculatorViewController.m */ = {isa = PBXFileReference; lastKnownFileType = sourcecode.c.objc; path = CalculatorViewController.m; sourceTree = "<group>"; };
		977350F21961AB1A007A1AAE /* Images.xcassets */ = {isa = PBXFileReference; lastKnownFileType = folder.assetcatalog; path = Images.xcassets; sourceTree = "<group>"; };
		977350F81961AB1A007A1AAE /* CalculatorTests.xctest */ = {isa = PBXFileReference; explicitFileType = wrapper.cfbundle; includeInIndex = 0; path = CalculatorTests.xctest; sourceTree = BUILT_PRODUCTS_DIR; };
		977350F91961AB1A007A1AAE /* XCTest.framework */ = {isa = PBXFileReference; lastKnownFileType = wrapper.framework; name = XCTest.framework; path = Library/Frameworks/XCTest.framework; sourceTree = DEVELOPER_DIR; };
		977351011961AB1A007A1AAE /* CalculatorTests-Info.plist */ = {isa = PBXFileReference; lastKnownFileType = text.plist.xml; path = "CalculatorTests-Info.plist"; sourceTree = "<group>"; };
		977351031961AB1A007A1AAE /* en */ = {isa = PBXFileReference; lastKnownFileType = text.plist.strings; name = en; path = en.lproj/InfoPlist.strings; sourceTree = "<group>"; };
		977351051961AB1A007A1AAE /* CalculatorTests.m */ = {isa = PBXFileReference; lastKnownFileType = sourcecode.c.objc; path = CalculatorTests.m; sourceTree = "<group>"; };
/* End PBXFileReference section */

/* Begin PBXFrameworksBuildPhase section */
		977350D41961AB1A007A1AAE /* Frameworks */ = {
			isa = PBXFrameworksBuildPhase;
			buildActionMask = 2147483647;
			files = (
				977350DD1961AB1A007A1AAE /* CoreGraphics.framework in Frameworks */,
				977350DF1961AB1A007A1AAE /* UIKit.framework in Frameworks */,
				977350DB1961AB1A007A1AAE /* Foundation.framework in Frameworks */,
			);
			runOnlyForDeploymentPostprocessing = 0;
		};
		977350F51961AB1A007A1AAE /* Frameworks */ = {
			isa = PBXFrameworksBuildPhase;
			buildActionMask = 2147483647;
			files = (
				977350FA1961AB1A007A1AAE /* XCTest.framework in Frameworks */,
				977350FC1961AB1A007A1AAE /* UIKit.framework in Frameworks */,
				977350FB1961AB1A007A1AAE /* Foundation.framework in Frameworks */,
			);
			runOnlyForDeploymentPostprocessing = 0;
		};
/* End PBXFrameworksBuildPhase section */

/* Begin PBXGroup section */
		977350CE1961AB1A007A1AAE = {
			isa = PBXGroup;
			children = (
				977350E01961AB1A007A1AAE /* Calculator */,
				977350FF1961AB1A007A1AAE /* CalculatorTests */,
				977350D91961AB1A007A1AAE /* Frameworks */,
				977350D81961AB1A007A1AAE /* Products */,
			);
			sourceTree = "<group>";
		};
		977350D81961AB1A007A1AAE /* Products */ = {
			isa = PBXGroup;
			children = (
				977350D71961AB1A007A1AAE /* Calculator.app */,
				977350F81961AB1A007A1AAE /* CalculatorTests.xctest */,
			);
			name = Products;
			sourceTree = "<group>";
		};
		977350D91961AB1A007A1AAE /* Frameworks */ = {
			isa = PBXGroup;
			children = (
				977350DA1961AB1A007A1AAE /* Foundation.framework */,
				977350DC1961AB1A007A1AAE /* CoreGraphics.framework */,
				977350DE1961AB1A007A1AAE /* UIKit.framework */,
				977350F91961AB1A007A1AAE /* XCTest.framework */,
			);
			name = Frameworks;
			sourceTree = "<group>";
		};
		977350E01961AB1A007A1AAE /* Calculator */ = {
			isa = PBXGroup;
			children = (
				977350EC1961AB1A007A1AAE /* Main.storyboard */,
				977350EF1961AB1A007A1AAE /* CalculatorViewController.h */,
				977350F01961AB1A007A1AAE /* CalculatorViewController.m */,
				977350F21961AB1A007A1AAE /* Images.xcassets */,
				977350E11961AB1A007A1AAE /* Supporting Files */,
			);
			path = Calculator;
			sourceTree = "<group>";
		};
		977350E11961AB1A007A1AAE /* Supporting Files */ = {
			isa = PBXGroup;
			children = (
				977350E91961AB1A007A1AAE /* CalculatorAppDelegate.h */,
				977350EA1961AB1A007A1AAE /* CalculatorAppDelegate.m */,
				977350E21961AB1A007A1AAE /* Calculator-Info.plist */,
				977350E31961AB1A007A1AAE /* InfoPlist.strings */,
				977350E61961AB1A007A1AAE /* main.m */,
				977350E81961AB1A007A1AAE /* Calculator-Prefix.pch */,
			);
			name = "Supporting Files";
			sourceTree = "<group>";
		};
		977350FF1961AB1A007A1AAE /* CalculatorTests */ = {
			isa = PBXGroup;
			children = (
				977351051961AB1A007A1AAE /* CalculatorTests.m */,
				977351001961AB1A007A1AAE /* Supporting Files */,
			);
			path = CalculatorTests;
			sourceTree = "<group>";
		};
		977351001961AB1A007A1AAE /* Supporting Files */ = {
			isa = PBXGroup;
			children = (
				977351011961AB1A007A1AAE /* CalculatorTests-Info.plist */,
				977351021961AB1A007A1AAE /* InfoPlist.strings */,
			);
			name = "Supporting Files";
			sourceTree = "<group>";
		};
/* End PBXGroup section */

/* Begin PBXNativeTarget section */
		977350D61961AB1A007A1AAE /* Calculator */ = {
			isa = PBXNativeTarget;
			buildConfigurationList = 977351091961AB1A007A1AAE /* Build configuration list for PBXNativeTarget "Calculator" */;
			buildPhases = (
				977350D31961AB1A007A1AAE /* Sources */,
				977350D41961AB1A007A1AAE /* Frameworks */,
				977350D51961AB1A007A1AAE /* Resources */,
			);
			buildRules = (
			);
			dependencies = (
			);
			name = Calculator;
			productName = Calculator;
			productReference = 977350D71961AB1A007A1AAE /* Calculator.app */;
			productType = "com.apple.product-type.application";
		};
		977350F71961AB1A007A1AAE /* CalculatorTests */ = {
			isa = PBXNativeTarget;
			buildConfigurationList = 9773510C1961AB1A007A1AAE /* Build configuration list for PBXNativeTarget "CalculatorTests" */;
			buildPhases = (
				977350F41961AB1A007A1AAE /* Sources */,
				977350F51961AB1A007A1AAE /* Frameworks */,
				977350F61961AB1A007A1AAE /* Resources */,
			);
			buildRules = (
			);
			dependencies = (
				977350FE1961AB1A007A1AAE /* PBXTargetDependency */,
			);
			name = CalculatorTests;
			productName = CalculatorTests;
			productReference = 977350F81961AB1A007A1AAE /* CalculatorTests.xctest */;
			productType = "com.apple.product-type.bundle.unit-test";
		};
/* End PBXNativeTarget section */

/* Begin PBXProject section */
		977350CF1961AB1A007A1AAE /* Project object */ = {
			isa = PBXProject;
			attributes = {
				CLASSPREFIX = Calculator;
				LastUpgradeCheck = 0510;
				ORGANIZATIONNAME = "Kent Huang";
				TargetAttributes = {
					977350F71961AB1A007A1AAE = {
						TestTargetID = 977350D61961AB1A007A1AAE;
					};
				};
			};
			buildConfigurationList = 977350D21961AB1A007A1AAE /* Build configuration list for PBXProject "Calculator" */;
			compatibilityVersion = "Xcode 3.2";
			developmentRegion = English;
			hasScannedForEncodings = 0;
			knownRegions = (
				en,
				Base,
			);
			mainGroup = 977350CE1961AB1A007A1AAE;
			productRefGroup = 977350D81961AB1A007A1AAE /* Products */;
			projectDirPath = "";
			projectRoot = "";
			targets = (
				977350D61961AB1A007A1AAE /* Calculator */,
				977350F71961AB1A007A1AAE /* CalculatorTests */,
			);
		};
/* End PBXProject section */

/* Begin PBXResourcesBuildPhase section */
		977350D51961AB1A007A1AAE /* Resources */ = {
			isa = PBXResourcesBuildPhase;
			buildActionMask = 2147483647;
			files = (
				977350F31961AB1A007A1AAE /* Images.xcassets in Resources */,
				977350E51961AB1A007A1AAE /* InfoPlist.strings in Resources */,
				977350EE1961AB1A007A1AAE /* Main.storyboard in Resources */,
			);
			runOnlyForDeploymentPostprocessing = 0;
		};
		977350F61961AB1A007A1AAE /* Resources */ = {
			isa = PBXResourcesBuildPhase;
			buildActionMask = 2147483647;
			files = (
				977351041961AB1A007A1AAE /* InfoPlist.strings in Resources */,
			);
			runOnlyForDeploymentPostprocessing = 0;
		};
/* End PBXResourcesBuildPhase section */

/* Begin PBXSourcesBuildPhase section */
		977350D31961AB1A007A1AAE /* Sources */ = {
			isa = PBXSourcesBuildPhase;
			buildActionMask = 2147483647;
			files = (
				977350EB1961AB1A007A1AAE /* CalculatorAppDelegate.m in Sources */,
				977350E71961AB1A007A1AAE /* main.m in Sources */,
				977350F11961AB1A007A1AAE /* CalculatorViewController.m in Sources */,
			);
			runOnlyForDeploymentPostprocessing = 0;
		};
		977350F41961AB1A007A1AAE /* Sources */ = {
			isa = PBXSourcesBuildPhase;
			buildActionMask = 2147483647;
			files = (
				977351061961AB1A007A1AAE /* CalculatorTests.m in Sources */,
			);
			runOnlyForDeploymentPostprocessing = 0;
		};
/* End PBXSourcesBuildPhase section */

/* Begin PBXTargetDependency section */
		977350FE1961AB1A007A1AAE /* PBXTargetDependency */ = {
			isa = PBXTargetDependency;
			target = 977350D61961AB1A007A1AAE /* Calculator */;
			targetProxy = 977350FD1961AB1A007A1AAE /* PBXContainerItemProxy */;
		};
/* End PBXTargetDependency section */

/* Begin PBXVariantGroup section */
		977350E31961AB1A007A1AAE /* InfoPlist.strings */ = {
			isa = PBXVariantGroup;
			children = (
				977350E41961AB1A007A1AAE /* en */,
			);
			name = InfoPlist.strings;
			sourceTree = "<group>";
		};
		977350EC1961AB1A007A1AAE /* Main.storyboard */ = {
			isa = PBXVariantGroup;
			children = (
				977350ED1961AB1A007A1AAE /* Base */,
			);
			name = Main.storyboard;
			sourceTree = "<group>";
		};
		977351021961AB1A007A1AAE /* InfoPlist.strings */ = {
			isa = PBXVariantGroup;
			children = (
				977351031961AB1A007A1AAE /* en */,
			);
			name = InfoPlist.strings;
			sourceTree = "<group>";
		};
/* End PBXVariantGroup section */

/* Begin XCBuildConfiguration section */
		977351071961AB1A007A1AAE /* Debug */ = {
			isa = XCBuildConfiguration;
			buildSettings = {
				ALWAYS_SEARCH_USER_PATHS = NO;
				CLANG_CXX_LANGUAGE_STANDARD = "gnu++0x";
				CLANG_CXX_LIBRARY = "libc++";
				CLANG_ENABLE_MODULES = YES;
				CLANG_ENABLE_OBJC_ARC = YES;
				CLANG_WARN_BOOL_CONVERSION = YES;
				CLANG_WARN_CONSTANT_CONVERSION = YES;
				CLANG_WARN_DIRECT_OBJC_ISA_USAGE = YES_ERROR;
				CLANG_WARN_EMPTY_BODY = YES;
				CLANG_WARN_ENUM_CONVERSION = YES;
				CLANG_WARN_INT_CONVERSION = YES;
				CLANG_WARN_OBJC_ROOT_CLASS = YES_ERROR;
				CLANG_WARN__DUPLICATE_METHOD_MATCH = YES;
				"CODE_SIGN_IDENTITY[sdk=iphoneos*]" = "iPhone Developer";
				COPY_PHASE_STRIP = NO;
				GCC_C_LANGUAGE_STANDARD = gnu99;
				GCC_DYNAMIC_NO_PIC = NO;
				GCC_OPTIMIZATION_LEVEL = 0;
				GCC_PREPROCESSOR_DEFINITIONS = (
					"DEBUG=1",
					"$(inherited)",
				);
				GCC_SYMBOLS_PRIVATE_EXTERN = NO;
				GCC_WARN_64_TO_32_BIT_CONVERSION = YES;
				GCC_WARN_ABOUT_RETURN_TYPE = YES_ERROR;
				GCC_WARN_UNDECLARED_SELECTOR = YES;
				GCC_WARN_UNINITIALIZED_AUTOS = YES_AGGRESSIVE;
				GCC_WARN_UNUSED_FUNCTION = YES;
				GCC_WARN_UNUSED_VARIABLE = YES;
				IPHONEOS_DEPLOYMENT_TARGET = 7.1;
				ONLY_ACTIVE_ARCH = YES;
				SDKROOT = iphoneos;
			};
			name = Debug;
		};
		977351081961AB1A007A1AAE /* Release */ = {
			isa = XCBuildConfiguration;
			buildSettings = {
				ALWAYS_SEARCH_USER_PATHS = NO;
				CLANG_CXX_LANGUAGE_STANDARD = "gnu++0x";
				CLANG_CXX_LIBRARY = "libc++";
				CLANG_ENABLE_MODULES = YES;
				CLANG_ENABLE_OBJC_ARC = YES;
				CLANG_WARN_BOOL_CONVERSION = YES;
				CLANG_WARN_CONSTANT_CONVERSION = YES;
				CLANG_WARN_DIRECT_OBJC_ISA_USAGE = YES_ERROR;
				CLANG_WARN_EMPTY_BODY = YES;
				CLANG_WARN_ENUM_CONVERSION = YES;
				CLANG_WARN_INT_CONVERSION = YES;
				CLANG_WARN_OBJC_ROOT_CLASS = YES_ERROR;
				CLANG_WARN__DUPLICATE_METHOD_MATCH = YES;
				"CODE_SIGN_IDENTITY[sdk=iphoneos*]" = "iPhone Developer";
				COPY_PHASE_STRIP = YES;
				ENABLE_NS_ASSERTIONS = NO;
				GCC_C_LANGUAGE_STANDARD = gnu99;
				GCC_WARN_64_TO_32_BIT_CONVERSION = YES;
				GCC_WARN_ABOUT_RETURN_TYPE = YES_ERROR;
				GCC_WARN_UNDECLARED_SELECTOR = YES;
				GCC_WARN_UNINITIALIZED_AUTOS = YES_AGGRESSIVE;
				GCC_WARN_UNUSED_FUNCTION = YES;
				GCC_WARN_UNUSED_VARIABLE = YES;
				IPHONEOS_DEPLOYMENT_TARGET = 7.1;
				SDKROOT = iphoneos;
				VALIDATE_PRODUCT = YES;
			};
			name = Release;
		};
		9773510A1961AB1A007A1AAE /* Debug */ = {
			isa = XCBuildConfiguration;
			buildSettings = {
				ASSETCATALOG_COMPILER_APPICON_NAME = AppIcon;
				ASSETCATALOG_COMPILER_LAUNCHIMAGE_NAME = LaunchImage;
				GCC_PRECOMPILE_PREFIX_HEADER = YES;
				GCC_PREFIX_HEADER = "Calculator/Calculator-Prefix.pch";
				INFOPLIST_FILE = "Calculator/Calculator-Info.plist";
				PRODUCT_NAME = "$(TARGET_NAME)";
				WRAPPER_EXTENSION = app;
			};
			name = Debug;
		};
		9773510B1961AB1A007A1AAE /* Release */ = {
			isa = XCBuildConfiguration;
			buildSettings = {
				ASSETCATALOG_COMPILER_APPICON_NAME = AppIcon;
				ASSETCATALOG_COMPILER_LAUNCHIMAGE_NAME = LaunchImage;
				GCC_PRECOMPILE_PREFIX_HEADER = YES;
				GCC_PREFIX_HEADER = "Calculator/Calculator-Prefix.pch";
				INFOPLIST_FILE = "Calculator/Calculator-Info.plist";
				PRODUCT_NAME = "$(TARGET_NAME)";
				WRAPPER_EXTENSION = app;
			};
			name = Release;
		};
		9773510D1961AB1A007A1AAE /* Debug */ = {
			isa = XCBuildConfiguration;
			buildSettings = {
				BUNDLE_LOADER = "$(BUILT_PRODUCTS_DIR)/Calculator.app/Calculator";
				FRAMEWORK_SEARCH_PATHS = (
					"$(SDKROOT)/Developer/Library/Frameworks",
					"$(inherited)",
					"$(DEVELOPER_FRAMEWORKS_DIR)",
				);
				GCC_PRECOMPILE_PREFIX_HEADER = YES;
				GCC_PREFIX_HEADER = "Calculator/Calculator-Prefix.pch";
				GCC_PREPROCESSOR_DEFINITIONS = (
					"DEBUG=1",
					"$(inherited)",
				);
				INFOPLIST_FILE = "CalculatorTests/CalculatorTests-Info.plist";
				PRODUCT_NAME = "$(TARGET_NAME)";
				TEST_HOST = "$(BUNDLE_LOADER)";
				WRAPPER_EXTENSION = xctest;
			};
			name = Debug;
		};
		9773510E1961AB1A007A1AAE /* Release */ = {
			isa = XCBuildConfiguration;
			buildSettings = {
				BUNDLE_LOADER = "$(BUILT_PRODUCTS_DIR)/Calculator.app/Calculator";
				FRAMEWORK_SEARCH_PATHS = (
					"$(SDKROOT)/Developer/Library/Frameworks",
					"$(inherited)",
					"$(DEVELOPER_FRAMEWORKS_DIR)",
				);
				GCC_PRECOMPILE_PREFIX_HEADER = YES;
				GCC_PREFIX_HEADER = "Calculator/Calculator-Prefix.pch";
				INFOPLIST_FILE = "CalculatorTests/CalculatorTests-Info.plist";
				PRODUCT_NAME = "$(TARGET_NAME)";
				TEST_HOST = "$(BUNDLE_LOADER)";
				WRAPPER_EXTENSION = xctest;
			};
			name = Release;
		};
/* End XCBuildConfiguration section */

/* Begin XCConfigurationList section */
		977350D21961AB1A007A1AAE /* Build configuration list for PBXProject "Calculator" */ = {
			isa = XCConfigurationList;
			buildConfigurations = (
				977351071961AB1A007A1AAE /* Debug */,
				977351081961AB1A007A1AAE /* Release */,
			);
			defaultConfigurationIsVisible = 0;
			defaultConfigurationName = Release;
		};
		977351091961AB1A007A1AAE /* Build configuration list for PBXNativeTarget "Calculator" */ = {
			isa = XCConfigurationList;
			buildConfigurations = (
				9773510A1961AB1A007A1AAE /* Debug */,
				9773510B1961AB1A007A1AAE /* Release */,
			);
			defaultConfigurationIsVisible = 0;
		};
		9773510C1961AB1A007A1AAE /* Build configuration list for PBXNativeTarget "CalculatorTests" */ = {
			isa = XCConfigurationList;
			buildConfigurations = (
				9773510D1961AB1A007A1AAE /* Debug */,
				9773510E1961AB1A007A1AAE /* Release */,
			);
			defaultConfigurationIsVisible = 0;
		};
/* End XCConfigurationList section */
	};
	rootObject = 977350CF1961AB1A007A1AAE /* Project object */;
}
